
Microsoft Visual Studio Solution File, Format Version 12.00
# Visual Studio Version 17
VisualStudioVersion = 17.4.33213.308
MinimumVisualStudioVersion = 10.0.40219.1
Project("{8BC9CEB8-8B4A-11D0-8D11-00A0C91BC942}") = "OpenGLTest", "OpenGLTest.vcxproj", "{7247FDBA-C2F3-4AC1-985F-7BCA77EB9D2A}"
EndProject
Global
	GlobalSection(SolutionConfigurationPlatforms) = preSolution
		Debug|x64 = Debug|x64
		Debug|x86 = Debug|x86
		Release|x64 = Release|x64
		Release|x86 = Release|x86
	EndGlobalSection
	GlobalSection(ProjectConfigurationPlatforms) = postSolution
		{7247FDBA-C2F3-4AC1-985F-7BCA77EB9D2A}.Debug|x64.ActiveCfg = Debug|x64
		{7247FDBA-C2F3-4AC1-985F-7BCA77EB9D2A}.Debug|x64.Build.0 = Debug|x64
		{7247FDBA-C2F3-4AC1-985F-7BCA77EB9D2A}.Debug|x86.ActiveCfg = Debug|Win32
		{7247FDBA-C2F3-4AC1-985F-7BCA77EB9D2A}.Debug|x86.Build.0 = Debug|Win32
		{7247FDBA-C2F3-4AC1-985F-7BCA77EB9D2A}.Release|x64.ActiveCfg = Release|x64
		{7247FDBA-C2F3-4AC1-985F-7BCA77EB9D2A}.Release|x64.Build.0 = Release|x64
		{7247FDBA-C2F3-4AC1-985F-7BCA77EB9D2A}.Release|x86.ActiveCfg = Release|Win32
		{7247FDBA-C2F3-4AC1-985F-7BCA77EB9D2A}.Release|x86.Build.0 = Release|Win32
	EndGlobalSection
	GlobalSection(SolutionProperties) = preSolution
		HideSolutionNode = FALSE
	EndGlobalSection
	GlobalSection(ExtensibilityGlobals) = postSolution
		SolutionGuid = {F05DF3A7-0314-44C4-9D2C-68B395044FB3}
	EndGlobalSection
EndGlobal
